
Microsoft Visual Studio Solution File, Format Version 12.00
# Visual Studio 15
VisualStudioVersion = 15.0.28010.2036
MinimumVisualStudioVersion = 10.0.40219.1
Project("{FAE04EC0-301F-11D3-BF4B-00C04F79EFBC}") = "ProcuraRegistros", "ProcuraRegistros\ProcuraRegistros.csproj", "{1867C6F0-FE7B-45E1-B9A2-008659A8F4CC}"
EndProject
Global
	GlobalSection(SolutionConfigurationPlatforms) = preSolution
		Debug|Any CPU = Debug|Any CPU
		Release|Any CPU = Release|Any CPU
	EndGlobalSection
	GlobalSection(ProjectConfigurationPlatforms) = postSolution
		{1867C6F0-FE7B-45E1-B9A2-008659A8F4CC}.Debug|Any CPU.ActiveCfg = Debug|Any CPU
		{1867C6F0-FE7B-45E1-B9A2-008659A8F4CC}.Debug|Any CPU.Build.0 = Debug|Any CPU
		{1867C6F0-FE7B-45E1-B9A2-008659A8F4CC}.Release|Any CPU.ActiveCfg = Release|Any CPU
		{1867C6F0-FE7B-45E1-B9A2-008659A8F4CC}.Release|Any CPU.Build.0 = Release|Any CPU
	EndGlobalSection
	GlobalSection(SolutionProperties) = preSolution
		HideSolutionNode = FALSE
	EndGlobalSection
	GlobalSection(ExtensibilityGlobals) = postSolution
		SolutionGuid = {0BF4C77B-9429-462D-8D5D-E17B1D62C2F6}
	EndGlobalSection
EndGlobal
